
Microsoft Visual Studio Solution File, Format Version 12.00
# Visual Studio Version 17
VisualStudioVersion = 17.4.33403.182
MinimumVisualStudioVersion = 10.0.40219.1
Project("{FAE04EC0-301F-11D3-BF4B-00C04F79EFBC}") = "Lab24", "Lab24.csproj", "{A2F7C12B-92E3-472B-A524-CAB2AA88DB3E}"
EndProject
Global
	GlobalSection(SolutionConfigurationPlatforms) = preSolution
		Debug|Any CPU = Debug|Any CPU
		Release|Any CPU = Release|Any CPU
	EndGlobalSection
	GlobalSection(ProjectConfigurationPlatforms) = postSolution
		{A2F7C12B-92E3-472B-A524-CAB2AA88DB3E}.Debug|Any CPU.ActiveCfg = Debug|Any CPU
		{A2F7C12B-92E3-472B-A524-CAB2AA88DB3E}.Debug|Any CPU.Build.0 = Debug|Any CPU
		{A2F7C12B-92E3-472B-A524-CAB2AA88DB3E}.Release|Any CPU.ActiveCfg = Release|Any CPU
		{A2F7C12B-92E3-472B-A524-CAB2AA88DB3E}.Release|Any CPU.Build.0 = Release|Any CPU
	EndGlobalSection
	GlobalSection(SolutionProperties) = preSolution
		HideSolutionNode = FALSE
	EndGlobalSection
	GlobalSection(ExtensibilityGlobals) = postSolution
		SolutionGuid = {C5D49367-7936-4A59-8DA0-779CCE60F9B9}
	EndGlobalSection
EndGlobal
